
Microsoft Visual Studio Solution File, Format Version 12.00
# Visual Studio 15
VisualStudioVersion = 15.0.27130.2026
MinimumVisualStudioVersion = 10.0.40219.1
Project("{FAE04EC0-301F-11D3-BF4B-00C04F79EFBC}") = "Formatter", "Formatter\Formatter.csproj", "{806E8828-6B96-474F-924D-BCB8D4918B51}"
EndProject
Global
	GlobalSection(SolutionConfigurationPlatforms) = preSolution
		Debug|Any CPU = Debug|Any CPU
		Release|Any CPU = Release|Any CPU
	EndGlobalSection
	GlobalSection(ProjectConfigurationPlatforms) = postSolution
		{806E8828-6B96-474F-924D-BCB8D4918B51}.Debug|Any CPU.ActiveCfg = Debug|Any CPU
		{806E8828-6B96-474F-924D-BCB8D4918B51}.Debug|Any CPU.Build.0 = Debug|Any CPU
		{806E8828-6B96-474F-924D-BCB8D4918B51}.Release|Any CPU.ActiveCfg = Release|Any CPU
		{806E8828-6B96-474F-924D-BCB8D4918B51}.Release|Any CPU.Build.0 = Release|Any CPU
	EndGlobalSection
	GlobalSection(SolutionProperties) = preSolution
		HideSolutionNode = FALSE
	EndGlobalSection
	GlobalSection(ExtensibilityGlobals) = postSolution
		SolutionGuid = {DA86563B-C6D9-4668-BA40-D072898A734C}
	EndGlobalSection
EndGlobal
